{
  "requires": true,
  "lockfileVersion": 1,
  "dependencies": {
    "gsap": {
      "version": "3.2.5",
      "resolved": "https://registry.npmjs.org/gsap/-/gsap-3.2.5.tgz",
      "integrity": "sha512-3D5YZFnuoTj8hkMREadLq4+joYIGk+XE7DUVzWRu5ErtyfrDqRNDKFLMvJBsZP1u8VlMpcqFXmPBCZjKjOUbQw=="
    },
    "jquery": {
      "version": "3.4.1",
      "resolved": "https://registry.npmjs.org/jquery/-/jquery-3.4.1.tgz",
      "integrity": "sha512-36+AdBzCL+y6qjw5Tx7HgzeGCzC81MDDgaUP8ld2zhx58HdqXGoBd+tHdrBMiyjGQs0Hxs/MLZTu/eHNJJuWPw=="
    }
  }
}
